// !$*UTF8*$!
{
	archiveVersion = 1;
	classes = {
	};
	objectVersion = 110;
	objects = {

/* Begin PBXContainerItemProxy section */
		126D75AF3025B5B6000F06DF /* PBXContainerItemProxy */ = {
			isa = PBXContainerItemProxy;
			containerPortal = 126D75873025B5B3000F06DF /* Project object */;
			proxyType = 1;
			remoteGlobalIDString = 126D758E3025B5B3000F06DF;
			remoteInfo = "Back in my day";
		};
/* End PBXContainerItemProxy section */

/* Begin PBXFileReference section */
		126D758F3025B5B3000F06DF /* Back in my day.app */ = {isa = PBXFileReference; explicitFileType = wrapper.application; includeInIndex = 0; path = "Back in my day.app"; sourceTree = BUILT_PRODUCTS_DIR; };
		126D75AE3025B5B6000F06DF /* Back in my dayTests.xctest */ = {isa = PBXFileReference; explicitFileType = wrapper.cfbundle; includeInIndex = 0; path = "Back in my dayTests.xctest"; sourceTree = BUILT_PRODUCTS_DIR; };
/* End PBXFileReference section */

/* Begin PBXFileSystemSynchronizedBuildFileExceptionSet section */
		126D75B43025B5B6000F06DF /* Exceptions for "Back in my day" folder in "Back in my day" target */ = {
			isa = PBXFileSystemSynchronizedBuildFileExceptionSet;
			membershipExceptions = (
				Info.plist,
			);
			target = 126D758E3025B5B3000F06DF /* Back in my day */;
		};
/* End PBXFileSystemSynchronizedBuildFileExceptionSet section */

/* Begin PBXFileSystemSynchronizedRootGroup section */
		126D75913025B5B3000F06DF /* Back in my day */ = {
			isa = PBXFileSystemSynchronizedRootGroup;
			exceptions = (
				126D75B43025B5B6000F06DF /* Exceptions for "Back in my day" folder in "Back in my day" target */,
			);
			explicitFolders = (
				Resources/Ground,
			);
			path = "Back in my day";
			sourceTree = "<group>";
		};
		126D75B13025B5B6000F06DF /* Back in my dayTests */ = {
			isa = PBXFileSystemSynchronizedRootGroup;
			path = "Back in my dayTests";
			sourceTree = "<group>";
		};
/* End PBXFileSystemSynchronizedRootGroup section */

/* Begin PBXFrameworksBuildPhase section */
		126D758C3025B5B3000F06DF /* Frameworks */ = {
			isa = PBXFrameworksBuildPhase;
			files = (
			);
		};
		126D75AB3025B5B6000F06DF /* Frameworks */ = {
			isa = PBXFrameworksBuildPhase;
			files = (
			);
		};
/* End PBXFrameworksBuildPhase section */

/* Begin PBXGroup section */
		126D75863025B5B3000F06DF = {
			isa = PBXGroup;
			children = (
				126D75913025B5B3000F06DF /* Back in my day */,
				126D75B13025B5B6000F06DF /* Back in my dayTests */,
				126D75903025B5B3000F06DF /* Products */,
			);
			sourceTree = "<group>";
		};
		126D75903025B5B3000F06DF /* Products */ = {
			isa = PBXGroup;
			children = (
				126D758F3025B5B3000F06DF /* Back in my day.app */,
				126D75AE3025B5B6000F06DF /* Back in my dayTests.xctest */,
			);
			name = Products;
			sourceTree = "<group>";
		};
/* End PBXGroup section */

/* Begin PBXNativeTarget section */
		126D758E3025B5B3000F06DF /* Back in my day */ = {
			isa = PBXNativeTarget;
			buildConfigurationList = 126D75B53025B5B6000F06DF /* Build configuration list for PBXNativeTarget "Back in my day" */;
			buildPhases = (
				126D758B3025B5B3000F06DF /* Sources */,
				126D758C3025B5B3000F06DF /* Frameworks */,
				126D758D3025B5B3000F06DF /* Resources */,
			);
			buildRules = (
			);
			fileSystemSynchronizedGroups = (
				126D75913025B5B3000F06DF /* Back in my day */,
			);
			name = "Back in my day";
			productName = "Back in my day";
			productReference = 126D758F3025B5B3000F06DF /* Back in my day.app */;
			productType = "com.apple.product-type.application";
		};
		126D75AD3025B5B6000F06DF /* Back in my dayTests */ = {
			isa = PBXNativeTarget;
			buildConfigurationList = 126D75BA3025B5B6000F06DF /* Build configuration list for PBXNativeTarget "Back in my dayTests" */;
			buildPhases = (
				126D75AA3025B5B6000F06DF /* Sources */,
				126D75AB3025B5B6000F06DF /* Frameworks */,
				126D75AC3025B5B6000F06DF /* Resources */,
			);
			buildRules = (
			);
			dependencies = (
				126D75B03025B5B6000F06DF /* PBXTargetDependency */,
			);
			fileSystemSynchronizedGroups = (
				126D75B13025B5B6000F06DF /* Back in my dayTests */,
			);
			name = "Back in my dayTests";
			productName = "Back in my dayTests";
			productReference = 126D75AE3025B5B6000F06DF /* Back in my dayTests.xctest */;
			productType = "com.apple.product-type.bundle.unit-test";
		};
/* End PBXNativeTarget section */

/* Begin PBXProject section */
		126D75873025B5B3000F06DF /* Project object */ = {
			isa = PBXProject;
			attributes = {
				BuildIndependentTargetsInParallel = 1;
				LastSwiftUpdateCheck = 2700;
				LastUpgradeCheck = 2700;
				TargetAttributes = {
					126D758E3025B5B3000F06DF = {
						CreatedOnToolsVersion = 27.0;
					};
					126D75AD3025B5B6000F06DF = {
						CreatedOnToolsVersion = 27.0;
						TestTargetID = 126D758E3025B5B3000F06DF;
					};
				};
			};
			buildConfigurationList = 126D758A3025B5B3000F06DF /* Build configuration list for PBXProject "Back in my day" */;
			developmentRegion = en;
			hasScannedForEncodings = 0;
			knownRegions = (
				en,
				Base,
			);
			mainGroup = 126D75863025B5B3000F06DF;
			minimizedProjectReferenceProxies = 1;
			preferredProjectObjectVersion = 77;
			productRefGroup = 126D75903025B5B3000F06DF /* Products */;
			projectDirPath = "";
			projectRoot = "";
			targets = (
				126D758E3025B5B3000F06DF /* Back in my day */,
				126D75AD3025B5B6000F06DF /* Back in my dayTests */,
			);
		};
/* End PBXProject section */

/* Begin PBXResourcesBuildPhase section */
		126D758D3025B5B3000F06DF /* Resources */ = {
			isa = PBXResourcesBuildPhase;
			files = (
			);
		};
		126D75AC3025B5B6000F06DF /* Resources */ = {
			isa = PBXResourcesBuildPhase;
			files = (
			);
		};
/* End PBXResourcesBuildPhase section */

/* Begin PBXSourcesBuildPhase section */
		126D758B3025B5B3000F06DF /* Sources */ = {
			isa = PBXSourcesBuildPhase;
			files = (
			);
		};
		126D75AA3025B5B6000F06DF /* Sources */ = {
			isa = PBXSourcesBuildPhase;
			files = (
			);
		};
/* End PBXSourcesBuildPhase section */

/* Begin PBXTargetDependency section */
		126D75B03025B5B6000F06DF /* PBXTargetDependency */ = {
			isa = PBXTargetDependency;
			target = 126D758E3025B5B3000F06DF /* Back in my day */;
			targetProxy = 126D75AF3025B5B6000F06DF /* PBXContainerItemProxy */;
		};
/* End PBXTargetDependency section */

/* Begin XCBuildConfiguration section */
		126D75B63025B5B6000F06DF /* Debug configuration for PBXNativeTarget "Back in my day" */ = {
			isa = XCBuildConfiguration;
			buildSettings = {
				ASSETCATALOG_COMPILER_APPICON_NAME = AppIcon;
				ASSETCATALOG_COMPILER_GLOBAL_ACCENT_COLOR_NAME = AccentColor;
				CODE_SIGN_STYLE = Automatic;
				CURRENT_PROJECT_VERSION = 1;
				DEVELOPMENT_TEAM = UM6G9SA3Y6;
				ENABLE_PREVIEWS = YES;
				GENERATE_INFOPLIST_FILE = YES;
				INFOPLIST_FILE = "$(TARGET_NAME)/Info.plist";
				LD_RUNPATH_SEARCH_PATHS = (
					"$(inherited)",
					"@executable_path/Frameworks",
				);
				MARKETING_VERSION = 1.0;
				PRODUCT_BUNDLE_IDENTIFIER = "Apple-gng.Back-in-my-day";
				PRODUCT_NAME = "$(TARGET_NAME)";
				STRING_CATALOG_GENERATE_SYMBOLS = YES;
				SUPPORTED_PLATFORMS = "xros xrsimulator";
				SWIFT_APPROACHABLE_CONCURRENCY = YES;
				SWIFT_DEFAULT_ACTOR_ISOLATION = MainActor;
				SWIFT_EMIT_LOC_STRINGS = YES;
				SWIFT_UPCOMING_FEATURE_MEMBER_IMPORT_VISIBILITY = YES;
				SWIFT_VERSION = 5.0;
				TARGETED_DEVICE_FAMILY = 7;
			};
			name = Debug;
		};
		126D75B73025B5B6000F06DF /* Release configuration for PBXNativeTarget "Back in my day" */ = {
			isa = XCBuildConfiguration;
			buildSettings = {
				ASSETCATALOG_COMPILER_APPICON_NAME = AppIcon;
				ASSETCATALOG_COMPILER_GLOBAL_ACCENT_COLOR_NAME = AccentColor;
				CODE_SIGN_STYLE = Automatic;
				CURRENT_PROJECT_VERSION = 1;
				DEVELOPMENT_TEAM = UM6G9SA3Y6;
				ENABLE_PREVIEWS = YES;
				GENERATE_INFOPLIST_FILE = YES;
				INFOPLIST_FILE = "$(TARGET_NAME)/Info.plist";
				LD_RUNPATH_SEARCH_PATHS = (
					"$(inherited)",
					"@executable_path/Frameworks",
				);
				MARKETING_VERSION = 1.0;
				PRODUCT_BUNDLE_IDENTIFIER = "Apple-gng.Back-in-my-day";
				PRODUCT_NAME = "$(TARGET_NAME)";
				STRING_CATALOG_GENERATE_SYMBOLS = YES;
				SUPPORTED_PLATFORMS = "xros xrsimulator";
				SWIFT_APPROACHABLE_CONCURRENCY = YES;
				SWIFT_DEFAULT_ACTOR_ISOLATION = MainActor;
				SWIFT_EMIT_LOC_STRINGS = YES;
				SWIFT_UPCOMING_FEATURE_MEMBER_IMPORT_VISIBILITY = YES;
				SWIFT_VERSION = 5.0;
				TARGETED_DEVICE_FAMILY = 7;
			};
			name = Release;
		};
		126D75B83025B5B6000F06DF /* Debug configuration for PBXProject "Back in my day" */ = {
			isa = XCBuildConfiguration;
			buildSettings = {
				ALWAYS_SEARCH_USER_PATHS = NO;
				ASSETCATALOG_COMPILER_GENERATE_SWIFT_ASSET_SYMBOL_EXTENSIONS = YES;
				CLANG_ANALYZER_NONNULL = YES;
				CLANG_ANALYZER_NUMBER_OBJECT_CONVERSION = YES_AGGRESSIVE;
				CLANG_CXX_LANGUAGE_STANDARD = "gnu++20";
				CLANG_ENABLE_MODULES = YES;
				CLANG_ENABLE_OBJC_ARC = YES;
				CLANG_ENABLE_OBJC_WEAK = YES;
				CLANG_WARN_BLOCK_CAPTURE_AUTORELEASING = YES;
				CLANG_WARN_BOOL_CONVERSION = YES;
				CLANG_WARN_COMMA = YES;
				CLANG_WARN_CONSTANT_CONVERSION = YES;
				CLANG_WARN_DEPRECATED_OBJC_IMPLEMENTATIONS = YES;
				CLANG_WARN_DIRECT_OBJC_ISA_USAGE = YES_ERROR;
				CLANG_WARN_DOCUMENTATION_COMMENTS = YES;
				CLANG_WARN_EMPTY_BODY = YES;
				CLANG_WARN_ENUM_CONVERSION = YES;
				CLANG_WARN_INFINITE_RECURSION = YES;
				CLANG_WARN_INT_CONVERSION = YES;
				CLANG_WARN_NON_LITERAL_NULL_CONVERSION = YES;
				CLANG_WARN_OBJC_IMPLICIT_RETAIN_SELF = YES;
				CLANG_WARN_OBJC_LITERAL_CONVERSION = YES;
				CLANG_WARN_OBJC_ROOT_CLASS = YES_ERROR;
				CLANG_WARN_QUOTED_INCLUDE_IN_FRAMEWORK_HEADER = YES;
				CLANG_WARN_RANGE_LOOP_ANALYSIS = YES;
				CLANG_WARN_STRICT_PROTOTYPES = YES;
				CLANG_WARN_SUSPICIOUS_MOVE = YES;
				CLANG_WARN_UNGUARDED_AVAILABILITY = YES_AGGRESSIVE;
				CLANG_WARN_UNREACHABLE_CODE = YES;
				CLANG_WARN__DUPLICATE_METHOD_MATCH = YES;
				COPY_PHASE_STRIP = NO;
				DEBUG_INFORMATION_FORMAT = dwarf;
				DEVELOPMENT_TEAM = UM6G9SA3Y6;
				ENABLE_STRICT_OBJC_MSGSEND = YES;
				ENABLE_TESTABILITY = YES;
				ENABLE_USER_SCRIPT_SANDBOXING = YES;
				GCC_C_LANGUAGE_STANDARD = gnu17;
				GCC_DYNAMIC_NO_PIC = NO;
				GCC_NO_COMMON_BLOCKS = YES;
				GCC_OPTIMIZATION_LEVEL = 0;
				GCC_PREPROCESSOR_DEFINITIONS = (
					"DEBUG=1",
					"$(inherited)",
				);
				GCC_WARN_64_TO_32_BIT_CONVERSION = YES;
				GCC_WARN_ABOUT_RETURN_TYPE = YES_ERROR;
				GCC_WARN_UNDECLARED_SELECTOR = YES;
				GCC_WARN_UNINITIALIZED_AUTOS = YES_AGGRESSIVE;
				GCC_WARN_UNUSED_FUNCTION = YES;
				GCC_WARN_UNUSED_VARIABLE = YES;
				LOCALIZATION_PREFERS_STRING_CATALOGS = YES;
				MTL_ENABLE_DEBUG_INFO = INCLUDE_SOURCE;
				MTL_FAST_MATH = YES;
				ONLY_ACTIVE_ARCH = YES;
				SDKROOT = xros;
				SWIFT_ACTIVE_COMPILATION_CONDITIONS = "DEBUG $(inherited)";
				SWIFT_OPTIMIZATION_LEVEL = "-Onone";
				XROS_DEPLOYMENT_TARGET = 27.0;
			};
			name = Debug;
		};
		126D75B93025B5B6000F06DF /* Release configuration for PBXProject "Back in my day" */ = {
			isa = XCBuildConfiguration;
			buildSettings = {
				ALWAYS_SEARCH_USER_PATHS = NO;
				ASSETCATALOG_COMPILER_GENERATE_SWIFT_ASSET_SYMBOL_EXTENSIONS = YES;
				CLANG_ANALYZER_NONNULL = YES;
				CLANG_ANALYZER_NUMBER_OBJECT_CONVERSION = YES_AGGRESSIVE;
				CLANG_CXX_LANGUAGE_STANDARD = "gnu++20";
				CLANG_ENABLE_MODULES = YES;
				CLANG_ENABLE_OBJC_ARC = YES;
				CLANG_ENABLE_OBJC_WEAK = YES;
				CLANG_WARN_BLOCK_CAPTURE_AUTORELEASING = YES;
				CLANG_WARN_BOOL_CONVERSION = YES;
				CLANG_WARN_COMMA = YES;
				CLANG_WARN_CONSTANT_CONVERSION = YES;
				CLANG_WARN_DEPRECATED_OBJC_IMPLEMENTATIONS = YES;
				CLANG_WARN_DIRECT_OBJC_ISA_USAGE = YES_ERROR;
				CLANG_WARN_DOCUMENTATION_COMMENTS = YES;
				CLANG_WARN_EMPTY_BODY = YES;
				CLANG_WARN_ENUM_CONVERSION = YES;
				CLANG_WARN_INFINITE_RECURSION = YES;
				CLANG_WARN_INT_CONVERSION = YES;
				CLANG_WARN_NON_LITERAL_NULL_CONVERSION = YES;
				CLANG_WARN_OBJC_IMPLICIT_RETAIN_SELF = YES;
				CLANG_WARN_OBJC_LITERAL_CONVERSION = YES;
				CLANG_WARN_OBJC_ROOT_CLASS = YES_ERROR;
				CLANG_WARN_QUOTED_INCLUDE_IN_FRAMEWORK_HEADER = YES;
				CLANG_WARN_RANGE_LOOP_ANALYSIS = YES;
				CLANG_WARN_STRICT_PROTOTYPES = YES;
				CLANG_WARN_SUSPICIOUS_MOVE = YES;
				CLANG_WARN_UNGUARDED_AVAILABILITY = YES_AGGRESSIVE;
				CLANG_WARN_UNREACHABLE_CODE = YES;
				CLANG_WARN__DUPLICATE_METHOD_MATCH = YES;
				COPY_PHASE_STRIP = NO;
				DEBUG_INFORMATION_FORMAT = "dwarf-with-dsym";
				DEVELOPMENT_TEAM = UM6G9SA3Y6;
				ENABLE_NS_ASSERTIONS = NO;
				ENABLE_STRICT_OBJC_MSGSEND = YES;
				ENABLE_USER_SCRIPT_SANDBOXING = YES;
				GCC_C_LANGUAGE_STANDARD = gnu17;
				GCC_NO_COMMON_BLOCKS = YES;
				GCC_WARN_64_TO_32_BIT_CONVERSION = YES;
				GCC_WARN_ABOUT_RETURN_TYPE = YES_ERROR;
				GCC_WARN_UNDECLARED_SELECTOR = YES;
				GCC_WARN_UNINITIALIZED_AUTOS = YES_AGGRESSIVE;
				GCC_WARN_UNUSED_FUNCTION = YES;
				GCC_WARN_UNUSED_VARIABLE = YES;
				LOCALIZATION_PREFERS_STRING_CATALOGS = YES;
				MTL_ENABLE_DEBUG_INFO = NO;
				MTL_FAST_MATH = YES;
				SDKROOT = xros;
				SWIFT_COMPILATION_MODE = wholemodule;
				VALIDATE_PRODUCT = YES;
				XROS_DEPLOYMENT_TARGET = 27.0;
			};
			name = Release;
		};
		126D75BB3025B5B6000F06DF /* Debug configuration for PBXNativeTarget "Back in my dayTests" */ = {
			isa = XCBuildConfiguration;
			buildSettings = {
				BUNDLE_LOADER = "$(TEST_HOST)";
				CODE_SIGN_STYLE = Automatic;
				CURRENT_PROJECT_VERSION = 1;
				DEVELOPMENT_TEAM = UM6G9SA3Y6;
				GENERATE_INFOPLIST_FILE = YES;
				MARKETING_VERSION = 1.0;
				PRODUCT_BUNDLE_IDENTIFIER = "Apple-gng.Back-in-my-dayTests";
				PRODUCT_NAME = "$(TARGET_NAME)";
				STRING_CATALOG_GENERATE_SYMBOLS = NO;
				SUPPORTED_PLATFORMS = "xros xrsimulator";
				SWIFT_APPROACHABLE_CONCURRENCY = YES;
				SWIFT_EMIT_LOC_STRINGS = NO;
				SWIFT_UPCOMING_FEATURE_MEMBER_IMPORT_VISIBILITY = YES;
				SWIFT_VERSION = 5.0;
				TARGETED_DEVICE_FAMILY = 7;
				TEST_HOST = "$(BUILT_PRODUCTS_DIR)/Back in my day.app/$(BUNDLE_EXECUTABLE_FOLDER_PATH)/Back in my day";
				XROS_DEPLOYMENT_TARGET = 27.0;
			};
			name = Debug;
		};
		126D75BC3025B5B6000F06DF /* Release configuration for PBXNativeTarget "Back in my dayTests" */ = {
			isa = XCBuildConfiguration;
			buildSettings = {
				BUNDLE_LOADER = "$(TEST_HOST)";
				CODE_SIGN_STYLE = Automatic;
				CURRENT_PROJECT_VERSION = 1;
				DEVELOPMENT_TEAM = UM6G9SA3Y6;
				GENERATE_INFOPLIST_FILE = YES;
				MARKETING_VERSION = 1.0;
				PRODUCT_BUNDLE_IDENTIFIER = "Apple-gng.Back-in-my-dayTests";
				PRODUCT_NAME = "$(TARGET_NAME)";
				STRING_CATALOG_GENERATE_SYMBOLS = NO;
				SUPPORTED_PLATFORMS = "xros xrsimulator";
				SWIFT_APPROACHABLE_CONCURRENCY = YES;
				SWIFT_EMIT_LOC_STRINGS = NO;
				SWIFT_UPCOMING_FEATURE_MEMBER_IMPORT_VISIBILITY = YES;
				SWIFT_VERSION = 5.0;
				TARGETED_DEVICE_FAMILY = 7;
				TEST_HOST = "$(BUILT_PRODUCTS_DIR)/Back in my day.app/$(BUNDLE_EXECUTABLE_FOLDER_PATH)/Back in my day";
				XROS_DEPLOYMENT_TARGET = 27.0;
			};
			name = Release;
		};
/* End XCBuildConfiguration section */

/* Begin XCConfigurationList section */
		126D758A3025B5B3000F06DF /* Build configuration list for PBXProject "Back in my day" */ = {
			isa = XCConfigurationList;
			buildConfigurations = (
				126D75B83025B5B6000F06DF /* Debug configuration for PBXProject "Back in my day" */,
				126D75B93025B5B6000F06DF /* Release configuration for PBXProject "Back in my day" */,
			);
			defaultConfigurationName = Release;
		};
		126D75B53025B5B6000F06DF /* Build configuration list for PBXNativeTarget "Back in my day" */ = {
			isa = XCConfigurationList;
			buildConfigurations = (
				126D75B63025B5B6000F06DF /* Debug configuration for PBXNativeTarget "Back in my day" */,
				126D75B73025B5B6000F06DF /* Release configuration for PBXNativeTarget "Back in my day" */,
			);
			defaultConfigurationName = Release;
		};
		126D75BA3025B5B6000F06DF /* Build configuration list for PBXNativeTarget "Back in my dayTests" */ = {
			isa = XCConfigurationList;
			buildConfigurations = (
				126D75BB3025B5B6000F06DF /* Debug configuration for PBXNativeTarget "Back in my dayTests" */,
				126D75BC3025B5B6000F06DF /* Release configuration for PBXNativeTarget "Back in my dayTests" */,
			);
			defaultConfigurationName = Release;
		};
/* End XCConfigurationList section */
	};
	rootObject = 126D75873025B5B3000F06DF /* Project object */;
	validationLevel = 1;
}
